
Microsoft Visual Studio Solution File, Format Version 12.00
# Visual Studio Version 16
VisualStudioVersion = 16.0.31702.278
MinimumVisualStudioVersion = 10.0.40219.1
Project("{FAE04EC0-301F-11D3-BF4B-00C04F79EFBC}") = "ATM Software", "ATM Software\ATM Software.csproj", "{A87FBFB4-112A-438A-9499-2A2ED7097175}"
EndProject
Global
	GlobalSection(SolutionConfigurationPlatforms) = preSolution
		Debug|Any CPU = Debug|Any CPU
		Release|Any CPU = Release|Any CPU
	EndGlobalSection
	GlobalSection(ProjectConfigurationPlatforms) = postSolution
		{A87FBFB4-112A-438A-9499-2A2ED7097175}.Debug|Any CPU.ActiveCfg = Debug|Any CPU
		{A87FBFB4-112A-438A-9499-2A2ED7097175}.Debug|Any CPU.Build.0 = Debug|Any CPU
		{A87FBFB4-112A-438A-9499-2A2ED7097175}.Release|Any CPU.ActiveCfg = Release|Any CPU
		{A87FBFB4-112A-438A-9499-2A2ED7097175}.Release|Any CPU.Build.0 = Release|Any CPU
	EndGlobalSection
	GlobalSection(SolutionProperties) = preSolution
		HideSolutionNode = FALSE
	EndGlobalSection
	GlobalSection(ExtensibilityGlobals) = postSolution
		SolutionGuid = {AE678BE1-EB45-462F-8A7B-EFF58BD53EAF}
	EndGlobalSection
EndGlobal
